<?xml version="1.0" encoding="UTF-8"?>
<Scheme
   version = "1.3">
   <BuildAction>
      <BuildActionEntries>
         <BuildActionEntry
            buildForRunning = "YES">
            <BuildableReference
               BuildableIdentifier = "primary"
               BlueprintIdentifier = "31ABF98C1B0BBB95008CFDE7"
               BuildableName = "DRDateHelpersExample.app"
               BlueprintName = "DRDateHelpersExample"
               ReferencedContainer = "container:DRDateHelpersExample.xcodeproj">
            </BuildableReference>
         </BuildActionEntry>
      </BuildActionEntries>
   </BuildAction>
   <LaunchAction
      useCustomWorkingDirectory = "NO"
      buildConfiguration = "Debug">
      <BuildableProductRunnable>
         <BuildableReference
            BuildableIdentifier = "primary"
            BlueprintIdentifier = "31ABF98C1B0BBB95008CFDE7"
            BuildableName = "DRDateHelpersExample.app"
            BlueprintName = "DRDateHelpersExample"
            ReferencedContainer = "container:DRDateHelpersExample.xcodeproj">
         </BuildableReference>
      </BuildableProductRunnable>
   </LaunchAction>
</Scheme>
